// !$*UTF8*$!
{
	archiveVersion = 1;
	classes = {
	};
	objectVersion = 46;
	objects = {

/* Begin PBXBuildFile section */
		96EDE1AF1D2B589C00220FA9 /* main.m in Sources */ = {isa = PBXBuildFile; fileRef = 96EDE1AE1D2B589C00220FA9 /* main.m */; };
		96EDE1B21D2B589C00220FA9 /* AppDelegate.m in Sources */ = {isa = PBXBuildFile; fileRef = 96EDE1B11D2B589C00220FA9 /* AppDelegate.m */; };
		96EDE1B51D2B589C00220FA9 /* ViewController.m in Sources */ = {isa = PBXBuildFile; fileRef = 96EDE1B41D2B589C00220FA9 /* ViewController.m */; };
		96EDE1B81D2B589C00220FA9 /* Main.storyboard in Resources */ = {isa = PBXBuildFile; fileRef = 96EDE1B61D2B589C00220FA9 /* Main.storyboard */; };
		96EDE1BA1D2B589C00220FA9 /* Assets.xcassets in Resources */ = {isa = PBXBuildFile; fileRef = 96EDE1B91D2B589C00220FA9 /* Assets.xcassets */; };
		96EDE1BD1D2B589C00220FA9 /* LaunchScreen.storyboard in Resources */ = {isa = PBXBuildFile; fileRef = 96EDE1BB1D2B589C00220FA9 /* LaunchScreen.storyboard */; };
		96EDE1CB1D2B597200220FA9 /* MKScrollBanner-00.png in Resources */ = {isa = PBXBuildFile; fileRef = 96EDE1C71D2B597200220FA9 /* MKScrollBanner-00.png */; };
		96EDE1CC1D2B597200220FA9 /* MKScrollBanner-01.png in Resources */ = {isa = PBXBuildFile; fileRef = 96EDE1C81D2B597200220FA9 /* MKScrollBanner-01.png */; };
		96EDE1CD1D2B597200220FA9 /* MKScrollBanner-02.png in Resources */ = {isa = PBXBuildFile; fileRef = 96EDE1C91D2B597200220FA9 /* MKScrollBanner-02.png */; };
		96EDE1CE1D2B597200220FA9 /* MKScrollBanner-03.png in Resources */ = {isa = PBXBuildFile; fileRef = 96EDE1CA1D2B597200220FA9 /* MKScrollBanner-03.png */; };
		96EDE1D11D2B614F00220FA9 /* XMBanner.m in Sources */ = {isa = PBXBuildFile; fileRef = 96EDE1D01D2B614F00220FA9 /* XMBanner.m */; };
		96EDE1D41D2B981F00220FA9 /* XMFlowLayout.m in Sources */ = {isa = PBXBuildFile; fileRef = 96EDE1D31D2B981F00220FA9 /* XMFlowLayout.m */; };
		96EDE1D71D2B9B2200220FA9 /* XMBannerCell.m in Sources */ = {isa = PBXBuildFile; fileRef = 96EDE1D61D2B9B2200220FA9 /* XMBannerCell.m */; };
		96EDE1DA1D2BB5CC00220FA9 /* XMScrollModel.m in Sources */ = {isa = PBXBuildFile; fileRef = 96EDE1D91D2BB5CC00220FA9 /* XMScrollModel.m */; };
		96EDE1E11D2BCDE900220FA9 /* current.png in Resources */ = {isa = PBXBuildFile; fileRef = 96EDE1DF1D2BCDE900220FA9 /* current.png */; };
		96EDE1E21D2BCDE900220FA9 /* other.png in Resources */ = {isa = PBXBuildFile; fileRef = 96EDE1E01D2BCDE900220FA9 /* other.png */; };
/* End PBXBuildFile section */

/* Begin PBXFileReference section */
		96EDE1AA1D2B589B00220FA9 /* XMBannerCollectionView.app */ = {isa = PBXFileReference; explicitFileType = wrapper.application; includeInIndex = 0; path = XMBannerCollectionView.app; sourceTree = BUILT_PRODUCTS_DIR; };
		96EDE1AE1D2B589C00220FA9 /* main.m */ = {isa = PBXFileReference; lastKnownFileType = sourcecode.c.objc; path = main.m; sourceTree = "<group>"; };
		96EDE1B01D2B589C00220FA9 /* AppDelegate.h */ = {isa = PBXFileReference; lastKnownFileType = sourcecode.c.h; path = AppDelegate.h; sourceTree = "<group>"; };
		96EDE1B11D2B589C00220FA9 /* AppDelegate.m */ = {isa = PBXFileReference; lastKnownFileType = sourcecode.c.objc; path = AppDelegate.m; sourceTree = "<group>"; };
		96EDE1B31D2B589C00220FA9 /* ViewController.h */ = {isa = PBXFileReference; lastKnownFileType = sourcecode.c.h; path = ViewController.h; sourceTree = "<group>"; };
		96EDE1B41D2B589C00220FA9 /* ViewController.m */ = {isa = PBXFileReference; lastKnownFileType = sourcecode.c.objc; path = ViewController.m; sourceTree = "<group>"; };
		96EDE1B71D2B589C00220FA9 /* Base */ = {isa = PBXFileReference; lastKnownFileType = file.storyboard; name = Base; path = Base.lproj/Main.storyboard; sourceTree = "<group>"; };
		96EDE1B91D2B589C00220FA9 /* Assets.xcassets */ = {isa = PBXFileReference; lastKnownFileType = folder.assetcatalog; path = Assets.xcassets; sourceTree = "<group>"; };
		96EDE1BC1D2B589C00220FA9 /* Base */ = {isa = PBXFileReference; lastKnownFileType = file.storyboard; name = Base; path = Base.lproj/LaunchScreen.storyboard; sourceTree = "<group>"; };
		96EDE1BE1D2B589C00220FA9 /* Info.plist */ = {isa = PBXFileReference; lastKnownFileType = text.plist.xml; path = Info.plist; sourceTree = "<group>"; };
		96EDE1C71D2B597200220FA9 /* MKScrollBanner-00.png */ = {isa = PBXFileReference; lastKnownFileType = image.png; path = "MKScrollBanner-00.png"; sourceTree = "<group>"; };
		96EDE1C81D2B597200220FA9 /* MKScrollBanner-01.png */ = {isa = PBXFileReference; lastKnownFileType = image.png; path = "MKScrollBanner-01.png"; sourceTree = "<group>"; };
		96EDE1C91D2B597200220FA9 /* MKScrollBanner-02.png */ = {isa = PBXFileReference; lastKnownFileType = image.png; path = "MKScrollBanner-02.png"; sourceTree = "<group>"; };
		96EDE1CA1D2B597200220FA9 /* MKScrollBanner-03.png */ = {isa = PBXFileReference; lastKnownFileType = image.png; path = "MKScrollBanner-03.png"; sourceTree = "<group>"; };
		96EDE1CF1D2B614F00220FA9 /* XMBanner.h */ = {isa = PBXFileReference; fileEncoding = 4; lastKnownFileType = sourcecode.c.h; path = XMBanner.h; sourceTree = "<group>"; };
		96EDE1D01D2B614F00220FA9 /* XMBanner.m */ = {isa = PBXFileReference; fileEncoding = 4; lastKnownFileType = sourcecode.c.objc; path = XMBanner.m; sourceTree = "<group>"; };
		96EDE1D21D2B981F00220FA9 /* XMFlowLayout.h */ = {isa = PBXFileReference; fileEncoding = 4; lastKnownFileType = sourcecode.c.h; path = XMFlowLayout.h; sourceTree = "<group>"; };
		96EDE1D31D2B981F00220FA9 /* XMFlowLayout.m */ = {isa = PBXFileReference; fileEncoding = 4; lastKnownFileType = sourcecode.c.objc; path = XMFlowLayout.m; sourceTree = "<group>"; };
		96EDE1D51D2B9B2200220FA9 /* XMBannerCell.h */ = {isa = PBXFileReference; fileEncoding = 4; lastKnownFileType = sourcecode.c.h; path = XMBannerCell.h; sourceTree = "<group>"; };
		96EDE1D61D2B9B2200220FA9 /* XMBannerCell.m */ = {isa = PBXFileReference; fileEncoding = 4; lastKnownFileType = sourcecode.c.objc; path = XMBannerCell.m; sourceTree = "<group>"; };
		96EDE1D81D2BB5CC00220FA9 /* XMScrollModel.h */ = {isa = PBXFileReference; fileEncoding = 4; lastKnownFileType = sourcecode.c.h; path = XMScrollModel.h; sourceTree = "<group>"; };
		96EDE1D91D2BB5CC00220FA9 /* XMScrollModel.m */ = {isa = PBXFileReference; fileEncoding = 4; lastKnownFileType = sourcecode.c.objc; path = XMScrollModel.m; sourceTree = "<group>"; };
		96EDE1DF1D2BCDE900220FA9 /* current.png */ = {isa = PBXFileReference; lastKnownFileType = image.png; path = current.png; sourceTree = "<group>"; };
		96EDE1E01D2BCDE900220FA9 /* other.png */ = {isa = PBXFileReference; lastKnownFileType = image.png; path = other.png; sourceTree = "<group>"; };
/* End PBXFileReference section */

/* Begin PBXFrameworksBuildPhase section */
		96EDE1A71D2B589B00220FA9 /* Frameworks */ = {
			isa = PBXFrameworksBuildPhase;
			buildActionMask = 2147483647;
			files = (
			);
			runOnlyForDeploymentPostprocessing = 0;
		};
/* End PBXFrameworksBuildPhase section */

/* Begin PBXGroup section */
		96EDE1A11D2B589B00220FA9 = {
			isa = PBXGroup;
			children = (
				96EDE1AC1D2B589C00220FA9 /* XMBannerCollectionView */,
				96EDE1AB1D2B589B00220FA9 /* Products */,
			);
			sourceTree = "<group>";
		};
		96EDE1AB1D2B589B00220FA9 /* Products */ = {
			isa = PBXGroup;
			children = (
				96EDE1AA1D2B589B00220FA9 /* XMBannerCollectionView.app */,
			);
			name = Products;
			sourceTree = "<group>";
		};
		96EDE1AC1D2B589C00220FA9 /* XMBannerCollectionView */ = {
			isa = PBXGroup;
			children = (
				96EDE1C51D2B58E000220FA9 /* Banner */,
				96EDE1C41D2B58B500220FA9 /* Other */,
				96EDE1AD1D2B589C00220FA9 /* Supporting Files */,
			);
			path = XMBannerCollectionView;
			sourceTree = "<group>";
		};
		96EDE1AD1D2B589C00220FA9 /* Supporting Files */ = {
			isa = PBXGroup;
			children = (
				96EDE1AE1D2B589C00220FA9 /* main.m */,
			);
			name = "Supporting Files";
			sourceTree = "<group>";
		};
		96EDE1C41D2B58B500220FA9 /* Other */ = {
			isa = PBXGroup;
			children = (
				96EDE1B01D2B589C00220FA9 /* AppDelegate.h */,
				96EDE1B11D2B589C00220FA9 /* AppDelegate.m */,
				96EDE1B31D2B589C00220FA9 /* ViewController.h */,
				96EDE1B41D2B589C00220FA9 /* ViewController.m */,
				96EDE1B61D2B589C00220FA9 /* Main.storyboard */,
				96EDE1B91D2B589C00220FA9 /* Assets.xcassets */,
				96EDE1BB1D2B589C00220FA9 /* LaunchScreen.storyboard */,
				96EDE1BE1D2B589C00220FA9 /* Info.plist */,
			);
			name = Other;
			sourceTree = "<group>";
		};
		96EDE1C51D2B58E000220FA9 /* Banner */ = {
			isa = PBXGroup;
			children = (
				96EDE1D81D2BB5CC00220FA9 /* XMScrollModel.h */,
				96EDE1D91D2BB5CC00220FA9 /* XMScrollModel.m */,
				96EDE1CF1D2B614F00220FA9 /* XMBanner.h */,
				96EDE1D01D2B614F00220FA9 /* XMBanner.m */,
				96EDE1D21D2B981F00220FA9 /* XMFlowLayout.h */,
				96EDE1D31D2B981F00220FA9 /* XMFlowLayout.m */,
				96EDE1D51D2B9B2200220FA9 /* XMBannerCell.h */,
				96EDE1D61D2B9B2200220FA9 /* XMBannerCell.m */,
				96EDE1C61D2B596000220FA9 /* Images */,
			);
			name = Banner;
			sourceTree = "<group>";
		};
		96EDE1C61D2B596000220FA9 /* Images */ = {
			isa = PBXGroup;
			children = (
				96EDE1DF1D2BCDE900220FA9 /* current.png */,
				96EDE1E01D2BCDE900220FA9 /* other.png */,
				96EDE1C71D2B597200220FA9 /* MKScrollBanner-00.png */,
				96EDE1C81D2B597200220FA9 /* MKScrollBanner-01.png */,
				96EDE1C91D2B597200220FA9 /* MKScrollBanner-02.png */,
				96EDE1CA1D2B597200220FA9 /* MKScrollBanner-03.png */,
			);
			name = Images;
			sourceTree = "<group>";
		};
/* End PBXGroup section */

/* Begin PBXNativeTarget section */
		96EDE1A91D2B589B00220FA9 /* XMBannerCollectionView */ = {
			isa = PBXNativeTarget;
			buildConfigurationList = 96EDE1C11D2B589C00220FA9 /* Build configuration list for PBXNativeTarget "XMBannerCollectionView" */;
			buildPhases = (
				96EDE1A61D2B589B00220FA9 /* Sources */,
				96EDE1A71D2B589B00220FA9 /* Frameworks */,
				96EDE1A81D2B589B00220FA9 /* Resources */,
			);
			buildRules = (
			);
			dependencies = (
			);
			name = XMBannerCollectionView;
			productName = XMBannerCollectionView;
			productReference = 96EDE1AA1D2B589B00220FA9 /* XMBannerCollectionView.app */;
			productType = "com.apple.product-type.application";
		};
/* End PBXNativeTarget section */

/* Begin PBXProject section */
		96EDE1A21D2B589B00220FA9 /* Project object */ = {
			isa = PBXProject;
			attributes = {
				CLASSPREFIX = XM;
				LastUpgradeCheck = 0730;
				ORGANIZATIONNAME = XM;
				TargetAttributes = {
					96EDE1A91D2B589B00220FA9 = {
						CreatedOnToolsVersion = 7.3.1;
						DevelopmentTeam = LWSHB8KH93;
					};
				};
			};
			buildConfigurationList = 96EDE1A51D2B589B00220FA9 /* Build configuration list for PBXProject "XMBannerCollectionView" */;
			compatibilityVersion = "Xcode 3.2";
			developmentRegion = English;
			hasScannedForEncodings = 0;
			knownRegions = (
				en,
				Base,
			);
			mainGroup = 96EDE1A11D2B589B00220FA9;
			productRefGroup = 96EDE1AB1D2B589B00220FA9 /* Products */;
			projectDirPath = "";
			projectRoot = "";
			targets = (
				96EDE1A91D2B589B00220FA9 /* XMBannerCollectionView */,
			);
		};
/* End PBXProject section */

/* Begin PBXResourcesBuildPhase section */
		96EDE1A81D2B589B00220FA9 /* Resources */ = {
			isa = PBXResourcesBuildPhase;
			buildActionMask = 2147483647;
			files = (
				96EDE1CD1D2B597200220FA9 /* MKScrollBanner-02.png in Resources */,
				96EDE1E11D2BCDE900220FA9 /* current.png in Resources */,
				96EDE1BD1D2B589C00220FA9 /* LaunchScreen.storyboard in Resources */,
				96EDE1BA1D2B589C00220FA9 /* Assets.xcassets in Resources */,
				96EDE1CC1D2B597200220FA9 /* MKScrollBanner-01.png in Resources */,
				96EDE1CE1D2B597200220FA9 /* MKScrollBanner-03.png in Resources */,
				96EDE1CB1D2B597200220FA9 /* MKScrollBanner-00.png in Resources */,
				96EDE1E21D2BCDE900220FA9 /* other.png in Resources */,
				96EDE1B81D2B589C00220FA9 /* Main.storyboard in Resources */,
			);
			runOnlyForDeploymentPostprocessing = 0;
		};
/* End PBXResourcesBuildPhase section */

/* Begin PBXSourcesBuildPhase section */
		96EDE1A61D2B589B00220FA9 /* Sources */ = {
			isa = PBXSourcesBuildPhase;
			buildActionMask = 2147483647;
			files = (
				96EDE1D71D2B9B2200220FA9 /* XMBannerCell.m in Sources */,
				96EDE1D11D2B614F00220FA9 /* XMBanner.m in Sources */,
				96EDE1D41D2B981F00220FA9 /* XMFlowLayout.m in Sources */,
				96EDE1B51D2B589C00220FA9 /* ViewController.m in Sources */,
				96EDE1B21D2B589C00220FA9 /* AppDelegate.m in Sources */,
				96EDE1AF1D2B589C00220FA9 /* main.m in Sources */,
				96EDE1DA1D2BB5CC00220FA9 /* XMScrollModel.m in Sources */,
			);
			runOnlyForDeploymentPostprocessing = 0;
		};
/* End PBXSourcesBuildPhase section */

/* Begin PBXVariantGroup section */
		96EDE1B61D2B589C00220FA9 /* Main.storyboard */ = {
			isa = PBXVariantGroup;
			children = (
				96EDE1B71D2B589C00220FA9 /* Base */,
			);
			name = Main.storyboard;
			sourceTree = "<group>";
		};
		96EDE1BB1D2B589C00220FA9 /* LaunchScreen.storyboard */ = {
			isa = PBXVariantGroup;
			children = (
				96EDE1BC1D2B589C00220FA9 /* Base */,
			);
			name = LaunchScreen.storyboard;
			sourceTree = "<group>";
		};
/* End PBXVariantGroup section */

/* Begin XCBuildConfiguration section */
		96EDE1BF1D2B589C00220FA9 /* Debug */ = {
			isa = XCBuildConfiguration;
			buildSettings = {
				ALWAYS_SEARCH_USER_PATHS = NO;
				CLANG_ANALYZER_NONNULL = YES;
				CLANG_CXX_LANGUAGE_STANDARD = "gnu++0x";
				CLANG_CXX_LIBRARY = "libc++";
				CLANG_ENABLE_MODULES = YES;
				CLANG_ENABLE_OBJC_ARC = YES;
				CLANG_WARN_BOOL_CONVERSION = YES;
				CLANG_WARN_CONSTANT_CONVERSION = YES;
				CLANG_WARN_DIRECT_OBJC_ISA_USAGE = YES_ERROR;
				CLANG_WARN_EMPTY_BODY = YES;
				CLANG_WARN_ENUM_CONVERSION = YES;
				CLANG_WARN_INT_CONVERSION = YES;
				CLANG_WARN_OBJC_ROOT_CLASS = YES_ERROR;
				CLANG_WARN_UNREACHABLE_CODE = YES;
				CLANG_WARN__DUPLICATE_METHOD_MATCH = YES;
				"CODE_SIGN_IDENTITY[sdk=iphoneos*]" = "iPhone Developer";
				COPY_PHASE_STRIP = NO;
				DEBUG_INFORMATION_FORMAT = dwarf;
				ENABLE_STRICT_OBJC_MSGSEND = YES;
				ENABLE_TESTABILITY = YES;
				GCC_C_LANGUAGE_STANDARD = gnu99;
				GCC_DYNAMIC_NO_PIC = NO;
				GCC_NO_COMMON_BLOCKS = YES;
				GCC_OPTIMIZATION_LEVEL = 0;
				GCC_PREPROCESSOR_DEFINITIONS = (
					"DEBUG=1",
					"$(inherited)",
				);
				GCC_WARN_64_TO_32_BIT_CONVERSION = YES;
				GCC_WARN_ABOUT_RETURN_TYPE = YES_ERROR;
				GCC_WARN_UNDECLARED_SELECTOR = YES;
				GCC_WARN_UNINITIALIZED_AUTOS = YES_AGGRESSIVE;
				GCC_WARN_UNUSED_FUNCTION = YES;
				GCC_WARN_UNUSED_VARIABLE = YES;
				IPHONEOS_DEPLOYMENT_TARGET = 8.0;
				MTL_ENABLE_DEBUG_INFO = YES;
				ONLY_ACTIVE_ARCH = YES;
				SDKROOT = iphoneos;
				TARGETED_DEVICE_FAMILY = "1,2";
			};
			name = Debug;
		};
		96EDE1C01D2B589C00220FA9 /* Release */ = {
			isa = XCBuildConfiguration;
			buildSettings = {
				ALWAYS_SEARCH_USER_PATHS = NO;
				CLANG_ANALYZER_NONNULL = YES;
				CLANG_CXX_LANGUAGE_STANDARD = "gnu++0x";
				CLANG_CXX_LIBRARY = "libc++";
				CLANG_ENABLE_MODULES = YES;
				CLANG_ENABLE_OBJC_ARC = YES;
				CLANG_WARN_BOOL_CONVERSION = YES;
				CLANG_WARN_CONSTANT_CONVERSION = YES;
				CLANG_WARN_DIRECT_OBJC_ISA_USAGE = YES_ERROR;
				CLANG_WARN_EMPTY_BODY = YES;
				CLANG_WARN_ENUM_CONVERSION = YES;
				CLANG_WARN_INT_CONVERSION = YES;
				CLANG_WARN_OBJC_ROOT_CLASS = YES_ERROR;
				CLANG_WARN_UNREACHABLE_CODE = YES;
				CLANG_WARN__DUPLICATE_METHOD_MATCH = YES;
				"CODE_SIGN_IDENTITY[sdk=iphoneos*]" = "iPhone Developer";
				COPY_PHASE_STRIP = NO;
				DEBUG_INFORMATION_FORMAT = "dwarf-with-dsym";
				ENABLE_NS_ASSERTIONS = NO;
				ENABLE_STRICT_OBJC_MSGSEND = YES;
				GCC_C_LANGUAGE_STANDARD = gnu99;
				GCC_NO_COMMON_BLOCKS = YES;
				GCC_WARN_64_TO_32_BIT_CONVERSION = YES;
				GCC_WARN_ABOUT_RETURN_TYPE = YES_ERROR;
				GCC_WARN_UNDECLARED_SELECTOR = YES;
				GCC_WARN_UNINITIALIZED_AUTOS = YES_AGGRESSIVE;
				GCC_WARN_UNUSED_FUNCTION = YES;
				GCC_WARN_UNUSED_VARIABLE = YES;
				IPHONEOS_DEPLOYMENT_TARGET = 8.0;
				MTL_ENABLE_DEBUG_INFO = NO;
				SDKROOT = iphoneos;
				TARGETED_DEVICE_FAMILY = "1,2";
				VALIDATE_PRODUCT = YES;
			};
			name = Release;
		};
		96EDE1C21D2B589C00220FA9 /* Debug */ = {
			isa = XCBuildConfiguration;
			buildSettings = {
				ASSETCATALOG_COMPILER_APPICON_NAME = AppIcon;
				INFOPLIST_FILE = XMBannerCollectionView/Info.plist;
				LD_RUNPATH_SEARCH_PATHS = "$(inherited) @executable_path/Frameworks";
				PRODUCT_BUNDLE_IDENTIFIER = "com.163-xm-coder.XMBannerCollectionView";
				PRODUCT_NAME = "$(TARGET_NAME)";
			};
			name = Debug;
		};
		96EDE1C31D2B589C00220FA9 /* Release */ = {
			isa = XCBuildConfiguration;
			buildSettings = {
				ASSETCATALOG_COMPILER_APPICON_NAME = AppIcon;
				INFOPLIST_FILE = XMBannerCollectionView/Info.plist;
				LD_RUNPATH_SEARCH_PATHS = "$(inherited) @executable_path/Frameworks";
				PRODUCT_BUNDLE_IDENTIFIER = "com.163-xm-coder.XMBannerCollectionView";
				PRODUCT_NAME = "$(TARGET_NAME)";
			};
			name = Release;
		};
/* End XCBuildConfiguration section */

/* Begin XCConfigurationList section */
		96EDE1A51D2B589B00220FA9 /* Build configuration list for PBXProject "XMBannerCollectionView" */ = {
			isa = XCConfigurationList;
			buildConfigurations = (
				96EDE1BF1D2B589C00220FA9 /* Debug */,
				96EDE1C01D2B589C00220FA9 /* Release */,
			);
			defaultConfigurationIsVisible = 0;
			defaultConfigurationName = Release;
		};
		96EDE1C11D2B589C00220FA9 /* Build configuration list for PBXNativeTarget "XMBannerCollectionView" */ = {
			isa = XCConfigurationList;
			buildConfigurations = (
				96EDE1C21D2B589C00220FA9 /* Debug */,
				96EDE1C31D2B589C00220FA9 /* Release */,
			);
			defaultConfigurationIsVisible = 0;
		};
/* End XCConfigurationList section */
	};
	rootObject = 96EDE1A21D2B589B00220FA9 /* Project object */;
}
